// !$*UTF8*$!
{
	archiveVersion = 1;
	classes = {
	};
	objectVersion = 48;
	objects = {

/* Begin PBXBuildFile section */
		1909E7E01F9FCF4B004F4F17 /* StringExtension.swift in Sources */ = {isa = PBXBuildFile; fileRef = 1909E7DF1F9FCF4B004F4F17 /* StringExtension.swift */; };
		192254191FA28E2F00793571 /* DeviceKit.framework in Frameworks */ = {isa = PBXBuildFile; fileRef = 192254151FA28DA900793571 /* DeviceKit.framework */; };
		196DE5891F96AAAD000B3646 /* AppDelegate.swift in Sources */ = {isa = PBXBuildFile; fileRef = 196DE5881F96AAAD000B3646 /* AppDelegate.swift */; };
		196DE58B1F96AAAD000B3646 /* ViewController.swift in Sources */ = {isa = PBXBuildFile; fileRef = 196DE58A1F96AAAD000B3646 /* ViewController.swift */; };
		196DE58E1F96AAAD000B3646 /* Main.storyboard in Resources */ = {isa = PBXBuildFile; fileRef = 196DE58C1F96AAAD000B3646 /* Main.storyboard */; };
		196DE5901F96AAAD000B3646 /* Assets.xcassets in Resources */ = {isa = PBXBuildFile; fileRef = 196DE58F1F96AAAD000B3646 /* Assets.xcassets */; };
		196DE5931F96AAAD000B3646 /* LaunchScreen.storyboard in Resources */ = {isa = PBXBuildFile; fileRef = 196DE5911F96AAAD000B3646 /* LaunchScreen.storyboard */; };
		196DE59C1F96B06C000B3646 /* CalculatorBrain.swift in Sources */ = {isa = PBXBuildFile; fileRef = 196DE59B1F96B06C000B3646 /* CalculatorBrain.swift */; };
/* End PBXBuildFile section */

/* Begin PBXContainerItemProxy section */
		192254141FA28DA900793571 /* PBXContainerItemProxy */ = {
			isa = PBXContainerItemProxy;
			containerPortal = 1922540E1FA28DA900793571 /* DeviceKit.xcodeproj */;
			proxyType = 2;
			remoteGlobalIDString = 955EE59A1D5E581B008C3DA8;
			remoteInfo = DeviceKit;
		};
		192254161FA28DA900793571 /* PBXContainerItemProxy */ = {
			isa = PBXContainerItemProxy;
			containerPortal = 1922540E1FA28DA900793571 /* DeviceKit.xcodeproj */;
			proxyType = 2;
			remoteGlobalIDString = 955EE5A21D5E581B008C3DA8;
			remoteInfo = DeviceKitTests;
		};
/* End PBXContainerItemProxy section */

/* Begin PBXFileReference section */
		1909E7DF1F9FCF4B004F4F17 /* StringExtension.swift */ = {isa = PBXFileReference; lastKnownFileType = sourcecode.swift; path = StringExtension.swift; sourceTree = "<group>"; };
		1922540E1FA28DA900793571 /* DeviceKit.xcodeproj */ = {isa = PBXFileReference; lastKnownFileType = "wrapper.pb-project"; name = DeviceKit.xcodeproj; path = DeviceKit/DeviceKit.xcodeproj; sourceTree = SOURCE_ROOT; };
		196DE5851F96AAAD000B3646 /* Calculator.app */ = {isa = PBXFileReference; explicitFileType = wrapper.application; includeInIndex = 0; path = Calculator.app; sourceTree = BUILT_PRODUCTS_DIR; };
		196DE5881F96AAAD000B3646 /* AppDelegate.swift */ = {isa = PBXFileReference; lastKnownFileType = sourcecode.swift; path = AppDelegate.swift; sourceTree = "<group>"; };
		196DE58A1F96AAAD000B3646 /* ViewController.swift */ = {isa = PBXFileReference; lastKnownFileType = sourcecode.swift; path = ViewController.swift; sourceTree = "<group>"; };
		196DE58D1F96AAAD000B3646 /* Base */ = {isa = PBXFileReference; lastKnownFileType = file.storyboard; name = Base; path = Base.lproj/Main.storyboard; sourceTree = "<group>"; };
		196DE58F1F96AAAD000B3646 /* Assets.xcassets */ = {isa = PBXFileReference; lastKnownFileType = folder.assetcatalog; path = Assets.xcassets; sourceTree = "<group>"; };
		196DE5921F96AAAD000B3646 /* Base */ = {isa = PBXFileReference; lastKnownFileType = file.storyboard; name = Base; path = Base.lproj/LaunchScreen.storyboard; sourceTree = "<group>"; };
		196DE5941F96AAAD000B3646 /* Info.plist */ = {isa = PBXFileReference; lastKnownFileType = text.plist.xml; path = Info.plist; sourceTree = "<group>"; };
		196DE59B1F96B06C000B3646 /* CalculatorBrain.swift */ = {isa = PBXFileReference; lastKnownFileType = sourcecode.swift; path = CalculatorBrain.swift; sourceTree = "<group>"; };
/* End PBXFileReference section */

/* Begin PBXFrameworksBuildPhase section */
		196DE5821F96AAAD000B3646 /* Frameworks */ = {
			isa = PBXFrameworksBuildPhase;
			buildActionMask = 2147483647;
			files = (
				192254191FA28E2F00793571 /* DeviceKit.framework in Frameworks */,
			);
			runOnlyForDeploymentPostprocessing = 0;
		};
/* End PBXFrameworksBuildPhase section */

/* Begin PBXGroup section */
		1922540F1FA28DA900793571 /* Products */ = {
			isa = PBXGroup;
			children = (
				192254151FA28DA900793571 /* DeviceKit.framework */,
				192254171FA28DA900793571 /* DeviceKitTests.xctest */,
			);
			name = Products;
			sourceTree = "<group>";
		};
		192254181FA28E2F00793571 /* Frameworks */ = {
			isa = PBXGroup;
			children = (
			);
			name = Frameworks;
			sourceTree = "<group>";
		};
		196DE57C1F96AAAC000B3646 = {
			isa = PBXGroup;
			children = (
				196DE5871F96AAAD000B3646 /* Calculator */,
				196DE5861F96AAAD000B3646 /* Products */,
				192254181FA28E2F00793571 /* Frameworks */,
			);
			sourceTree = "<group>";
		};
		196DE5861F96AAAD000B3646 /* Products */ = {
			isa = PBXGroup;
			children = (
				196DE5851F96AAAD000B3646 /* Calculator.app */,
			);
			name = Products;
			sourceTree = "<group>";
		};
		196DE5871F96AAAD000B3646 /* Calculator */ = {
			isa = PBXGroup;
			children = (
				196DE59B1F96B06C000B3646 /* CalculatorBrain.swift */,
				196DE58A1F96AAAD000B3646 /* ViewController.swift */,
				196DE58C1F96AAAD000B3646 /* Main.storyboard */,
				196DE59A1F96B03C000B3646 /* Support Files */,
			);
			path = Calculator;
			sourceTree = "<group>";
		};
		196DE59A1F96B03C000B3646 /* Support Files */ = {
			isa = PBXGroup;
			children = (
				1922540E1FA28DA900793571 /* DeviceKit.xcodeproj */,
				196DE5881F96AAAD000B3646 /* AppDelegate.swift */,
				1909E7DF1F9FCF4B004F4F17 /* StringExtension.swift */,
				196DE58F1F96AAAD000B3646 /* Assets.xcassets */,
				196DE5911F96AAAD000B3646 /* LaunchScreen.storyboard */,
				196DE5941F96AAAD000B3646 /* Info.plist */,
			);
			path = "Support Files";
			sourceTree = "<group>";
		};
/* End PBXGroup section */

/* Begin PBXNativeTarget section */
		196DE5841F96AAAD000B3646 /* Calculator */ = {
			isa = PBXNativeTarget;
			buildConfigurationList = 196DE5971F96AAAD000B3646 /* Build configuration list for PBXNativeTarget "Calculator" */;
			buildPhases = (
				196DE5811F96AAAD000B3646 /* Sources */,
				196DE5821F96AAAD000B3646 /* Frameworks */,
				196DE5831F96AAAD000B3646 /* Resources */,
			);
			buildRules = (
			);
			dependencies = (
			);
			name = Calculator;
			productName = Calculator;
			productReference = 196DE5851F96AAAD000B3646 /* Calculator.app */;
			productType = "com.apple.product-type.application";
		};
/* End PBXNativeTarget section */

/* Begin PBXProject section */
		196DE57D1F96AAAD000B3646 /* Project object */ = {
			isa = PBXProject;
			attributes = {
				LastSwiftUpdateCheck = 0900;
				LastUpgradeCheck = 0900;
				ORGANIZATIONNAME = "Andrea Vultaggio";
				TargetAttributes = {
					196DE5841F96AAAD000B3646 = {
						CreatedOnToolsVersion = 9.0.1;
						ProvisioningStyle = Automatic;
					};
				};
			};
			buildConfigurationList = 196DE5801F96AAAD000B3646 /* Build configuration list for PBXProject "Calculator" */;
			compatibilityVersion = "Xcode 8.0";
			developmentRegion = en;
			hasScannedForEncodings = 0;
			knownRegions = (
				en,
				Base,
			);
			mainGroup = 196DE57C1F96AAAC000B3646;
			productRefGroup = 196DE5861F96AAAD000B3646 /* Products */;
			projectDirPath = "";
			projectReferences = (
				{
					ProductGroup = 1922540F1FA28DA900793571 /* Products */;
					ProjectRef = 1922540E1FA28DA900793571 /* DeviceKit.xcodeproj */;
				},
			);
			projectRoot = "";
			targets = (
				196DE5841F96AAAD000B3646 /* Calculator */,
			);
		};
/* End PBXProject section */

/* Begin PBXReferenceProxy section */
		192254151FA28DA900793571 /* DeviceKit.framework */ = {
			isa = PBXReferenceProxy;
			fileType = wrapper.framework;
			path = DeviceKit.framework;
			remoteRef = 192254141FA28DA900793571 /* PBXContainerItemProxy */;
			sourceTree = BUILT_PRODUCTS_DIR;
		};
		192254171FA28DA900793571 /* DeviceKitTests.xctest */ = {
			isa = PBXReferenceProxy;
			fileType = wrapper.cfbundle;
			path = DeviceKitTests.xctest;
			remoteRef = 192254161FA28DA900793571 /* PBXContainerItemProxy */;
			sourceTree = BUILT_PRODUCTS_DIR;
		};
/* End PBXReferenceProxy section */

/* Begin PBXResourcesBuildPhase section */
		196DE5831F96AAAD000B3646 /* Resources */ = {
			isa = PBXResourcesBuildPhase;
			buildActionMask = 2147483647;
			files = (
				196DE5931F96AAAD000B3646 /* LaunchScreen.storyboard in Resources */,
				196DE5901F96AAAD000B3646 /* Assets.xcassets in Resources */,
				196DE58E1F96AAAD000B3646 /* Main.storyboard in Resources */,
			);
			runOnlyForDeploymentPostprocessing = 0;
		};
/* End PBXResourcesBuildPhase section */

/* Begin PBXSourcesBuildPhase section */
		196DE5811F96AAAD000B3646 /* Sources */ = {
			isa = PBXSourcesBuildPhase;
			buildActionMask = 2147483647;
			files = (
				196DE59C1F96B06C000B3646 /* CalculatorBrain.swift in Sources */,
				1909E7E01F9FCF4B004F4F17 /* StringExtension.swift in Sources */,
				196DE58B1F96AAAD000B3646 /* ViewController.swift in Sources */,
				196DE5891F96AAAD000B3646 /* AppDelegate.swift in Sources */,
			);
			runOnlyForDeploymentPostprocessing = 0;
		};
/* End PBXSourcesBuildPhase section */

/* Begin PBXVariantGroup section */
		196DE58C1F96AAAD000B3646 /* Main.storyboard */ = {
			isa = PBXVariantGroup;
			children = (
				196DE58D1F96AAAD000B3646 /* Base */,
			);
			name = Main.storyboard;
			sourceTree = "<group>";
		};
		196DE5911F96AAAD000B3646 /* LaunchScreen.storyboard */ = {
			isa = PBXVariantGroup;
			children = (
				196DE5921F96AAAD000B3646 /* Base */,
			);
			name = LaunchScreen.storyboard;
			sourceTree = "<group>";
		};
/* End PBXVariantGroup section */

/* Begin XCBuildConfiguration section */
		196DE5951F96AAAD000B3646 /* Debug */ = {
			isa = XCBuildConfiguration;
			buildSettings = {
				ALWAYS_SEARCH_USER_PATHS = NO;
				CLANG_ANALYZER_NONNULL = YES;
				CLANG_ANALYZER_NUMBER_OBJECT_CONVERSION = YES_AGGRESSIVE;
				CLANG_CXX_LANGUAGE_STANDARD = "gnu++14";
				CLANG_CXX_LIBRARY = "libc++";
				CLANG_ENABLE_MODULES = YES;
				CLANG_ENABLE_OBJC_ARC = YES;
				CLANG_WARN_BLOCK_CAPTURE_AUTORELEASING = YES;
				CLANG_WARN_BOOL_CONVERSION = YES;
				CLANG_WARN_COMMA = YES;
				CLANG_WARN_CONSTANT_CONVERSION = YES;
				CLANG_WARN_DIRECT_OBJC_ISA_USAGE = YES_ERROR;
				CLANG_WARN_DOCUMENTATION_COMMENTS = YES;
				CLANG_WARN_EMPTY_BODY = YES;
				CLANG_WARN_ENUM_CONVERSION = YES;
				CLANG_WARN_INFINITE_RECURSION = YES;
				CLANG_WARN_INT_CONVERSION = YES;
				CLANG_WARN_NON_LITERAL_NULL_CONVERSION = YES;
				CLANG_WARN_OBJC_LITERAL_CONVERSION = YES;
				CLANG_WARN_OBJC_ROOT_CLASS = YES_ERROR;
				CLANG_WARN_RANGE_LOOP_ANALYSIS = YES;
				CLANG_WARN_STRICT_PROTOTYPES = YES;
				CLANG_WARN_SUSPICIOUS_MOVE = YES;
				CLANG_WARN_UNGUARDED_AVAILABILITY = YES_AGGRESSIVE;
				CLANG_WARN_UNREACHABLE_CODE = YES;
				CLANG_WARN__DUPLICATE_METHOD_MATCH = YES;
				CODE_SIGN_IDENTITY = "iPhone Developer";
				COPY_PHASE_STRIP = NO;
				DEBUG_INFORMATION_FORMAT = dwarf;
				ENABLE_STRICT_OBJC_MSGSEND = YES;
				ENABLE_TESTABILITY = YES;
				GCC_C_LANGUAGE_STANDARD = gnu11;
				GCC_DYNAMIC_NO_PIC = NO;
				GCC_NO_COMMON_BLOCKS = YES;
				GCC_OPTIMIZATION_LEVEL = 0;
				GCC_PREPROCESSOR_DEFINITIONS = (
					"DEBUG=1",
					"$(inherited)",
				);
				GCC_WARN_64_TO_32_BIT_CONVERSION = YES;
				GCC_WARN_ABOUT_RETURN_TYPE = YES_ERROR;
				GCC_WARN_UNDECLARED_SELECTOR = YES;
				GCC_WARN_UNINITIALIZED_AUTOS = YES_AGGRESSIVE;
				GCC_WARN_UNUSED_FUNCTION = YES;
				GCC_WARN_UNUSED_VARIABLE = YES;
				IPHONEOS_DEPLOYMENT_TARGET = 11.0;
				MTL_ENABLE_DEBUG_INFO = YES;
				ONLY_ACTIVE_ARCH = YES;
				SDKROOT = iphoneos;
				SWIFT_ACTIVE_COMPILATION_CONDITIONS = DEBUG;
				SWIFT_OPTIMIZATION_LEVEL = "-Onone";
			};
			name = Debug;
		};
		196DE5961F96AAAD000B3646 /* Release */ = {
			isa = XCBuildConfiguration;
			buildSettings = {
				ALWAYS_SEARCH_USER_PATHS = NO;
				CLANG_ANALYZER_NONNULL = YES;
				CLANG_ANALYZER_NUMBER_OBJECT_CONVERSION = YES_AGGRESSIVE;
				CLANG_CXX_LANGUAGE_STANDARD = "gnu++14";
				CLANG_CXX_LIBRARY = "libc++";
				CLANG_ENABLE_MODULES = YES;
				CLANG_ENABLE_OBJC_ARC = YES;
				CLANG_WARN_BLOCK_CAPTURE_AUTORELEASING = YES;
				CLANG_WARN_BOOL_CONVERSION = YES;
				CLANG_WARN_COMMA = YES;
				CLANG_WARN_CONSTANT_CONVERSION = YES;
				CLANG_WARN_DIRECT_OBJC_ISA_USAGE = YES_ERROR;
				CLANG_WARN_DOCUMENTATION_COMMENTS = YES;
				CLANG_WARN_EMPTY_BODY = YES;
				CLANG_WARN_ENUM_CONVERSION = YES;
				CLANG_WARN_INFINITE_RECURSION = YES;
				CLANG_WARN_INT_CONVERSION = YES;
				CLANG_WARN_NON_LITERAL_NULL_CONVERSION = YES;
				CLANG_WARN_OBJC_LITERAL_CONVERSION = YES;
				CLANG_WARN_OBJC_ROOT_CLASS = YES_ERROR;
				CLANG_WARN_RANGE_LOOP_ANALYSIS = YES;
				CLANG_WARN_STRICT_PROTOTYPES = YES;
				CLANG_WARN_SUSPICIOUS_MOVE = YES;
				CLANG_WARN_UNGUARDED_AVAILABILITY = YES_AGGRESSIVE;
				CLANG_WARN_UNREACHABLE_CODE = YES;
				CLANG_WARN__DUPLICATE_METHOD_MATCH = YES;
				CODE_SIGN_IDENTITY = "iPhone Developer";
				COPY_PHASE_STRIP = NO;
				DEBUG_INFORMATION_FORMAT = "dwarf-with-dsym";
				ENABLE_NS_ASSERTIONS = NO;
				ENABLE_STRICT_OBJC_MSGSEND = YES;
				GCC_C_LANGUAGE_STANDARD = gnu11;
				GCC_NO_COMMON_BLOCKS = YES;
				GCC_WARN_64_TO_32_BIT_CONVERSION = YES;
				GCC_WARN_ABOUT_RETURN_TYPE = YES_ERROR;
				GCC_WARN_UNDECLARED_SELECTOR = YES;
				GCC_WARN_UNINITIALIZED_AUTOS = YES_AGGRESSIVE;
				GCC_WARN_UNUSED_FUNCTION = YES;
				GCC_WARN_UNUSED_VARIABLE = YES;
				IPHONEOS_DEPLOYMENT_TARGET = 11.0;
				MTL_ENABLE_DEBUG_INFO = NO;
				SDKROOT = iphoneos;
				SWIFT_OPTIMIZATION_LEVEL = "-Owholemodule";
				VALIDATE_PRODUCT = YES;
			};
			name = Release;
		};
		196DE5981F96AAAD000B3646 /* Debug */ = {
			isa = XCBuildConfiguration;
			buildSettings = {
				ASSETCATALOG_COMPILER_APPICON_NAME = AppIcon;
				CODE_SIGN_STYLE = Automatic;
				DEVELOPMENT_TEAM = GN42Y8BWCS;
				INFOPLIST_FILE = "$(SRCROOT)/Calculator/Support Files/Info.plist";
				LD_RUNPATH_SEARCH_PATHS = "$(inherited) @executable_path/Frameworks";
				PRODUCT_BUNDLE_IDENTIFIER = com.andrea.demoapp.Calculator;
				PRODUCT_NAME = "$(TARGET_NAME)";
				SWIFT_VERSION = 4.0;
				TARGETED_DEVICE_FAMILY = "1,2";
			};
			name = Debug;
		};
		196DE5991F96AAAD000B3646 /* Release */ = {
			isa = XCBuildConfiguration;
			buildSettings = {
				ASSETCATALOG_COMPILER_APPICON_NAME = AppIcon;
				CODE_SIGN_STYLE = Automatic;
				DEVELOPMENT_TEAM = GN42Y8BWCS;
				INFOPLIST_FILE = "$(SRCROOT)/Calculator/Support Files/Info.plist";
				LD_RUNPATH_SEARCH_PATHS = "$(inherited) @executable_path/Frameworks";
				PRODUCT_BUNDLE_IDENTIFIER = com.andrea.demoapp.Calculator;
				PRODUCT_NAME = "$(TARGET_NAME)";
				SWIFT_VERSION = 4.0;
				TARGETED_DEVICE_FAMILY = "1,2";
			};
			name = Release;
		};
/* End XCBuildConfiguration section */

/* Begin XCConfigurationList section */
		196DE5801F96AAAD000B3646 /* Build configuration list for PBXProject "Calculator" */ = {
			isa = XCConfigurationList;
			buildConfigurations = (
				196DE5951F96AAAD000B3646 /* Debug */,
				196DE5961F96AAAD000B3646 /* Release */,
			);
			defaultConfigurationIsVisible = 0;
			defaultConfigurationName = Release;
		};
		196DE5971F96AAAD000B3646 /* Build configuration list for PBXNativeTarget "Calculator" */ = {
			isa = XCConfigurationList;
			buildConfigurations = (
				196DE5981F96AAAD000B3646 /* Debug */,
				196DE5991F96AAAD000B3646 /* Release */,
			);
			defaultConfigurationIsVisible = 0;
			defaultConfigurationName = Release;
		};
/* End XCConfigurationList section */
	};
	rootObject = 196DE57D1F96AAAD000B3646 /* Project object */;
}
